
Microsoft Visual Studio Solution File, Format Version 12.00
# Visual Studio Version 17
VisualStudioVersion = 17.2.32516.85
MinimumVisualStudioVersion = 10.0.40219.1
Project("{FAE04EC0-301F-11D3-BF4B-00C04F79EFBC}") = "AplicacioneslNucleo3", "AplicacioneslNucleo3.csproj", "{38016E8F-C0ED-4BDF-B86B-BDACB4EF3D97}"
EndProject
Global
	GlobalSection(SolutionConfigurationPlatforms) = preSolution
		Debug|Any CPU = Debug|Any CPU
		Release|Any CPU = Release|Any CPU
	EndGlobalSection
	GlobalSection(ProjectConfigurationPlatforms) = postSolution
		{38016E8F-C0ED-4BDF-B86B-BDACB4EF3D97}.Debug|Any CPU.ActiveCfg = Debug|Any CPU
		{38016E8F-C0ED-4BDF-B86B-BDACB4EF3D97}.Debug|Any CPU.Build.0 = Debug|Any CPU
		{38016E8F-C0ED-4BDF-B86B-BDACB4EF3D97}.Release|Any CPU.ActiveCfg = Release|Any CPU
		{38016E8F-C0ED-4BDF-B86B-BDACB4EF3D97}.Release|Any CPU.Build.0 = Release|Any CPU
	EndGlobalSection
	GlobalSection(SolutionProperties) = preSolution
		HideSolutionNode = FALSE
	EndGlobalSection
	GlobalSection(ExtensibilityGlobals) = postSolution
		SolutionGuid = {38EEE088-C764-49A9-81AC-DAE3E2E66B6C}
	EndGlobalSection
EndGlobal
